
Microsoft Visual Studio Solution File, Format Version 12.00
# Visual Studio 15
Project("{FAE04EC0-301F-11D3-BF4B-00C04F79EFBC}") = "Assembly-CSharp", "Assembly-CSharp.csproj", "{99E3390D-54CB-67EA-2FDA-16EDDF3B931E}"
EndProject
Project("{FAE04EC0-301F-11D3-BF4B-00C04F79EFBC}") = "Assembly-CSharp-Editor", "Assembly-CSharp-Editor.csproj", "{24DE28E5-DB9A-4030-1064-2547FFA1DAE3}"
EndProject
Global
	GlobalSection(SolutionConfigurationPlatforms) = preSolution
		Debug|Any CPU = Debug|Any CPU
		Release|Any CPU = Release|Any CPU
	EndGlobalSection
	GlobalSection(ProjectConfigurationPlatforms) = postSolution
		{99E3390D-54CB-67EA-2FDA-16EDDF3B931E}.Debug|Any CPU.ActiveCfg = Debug|Any CPU
		{99E3390D-54CB-67EA-2FDA-16EDDF3B931E}.Debug|Any CPU.Build.0 = Debug|Any CPU
		{99E3390D-54CB-67EA-2FDA-16EDDF3B931E}.Release|Any CPU.ActiveCfg = Release|Any CPU
		{99E3390D-54CB-67EA-2FDA-16EDDF3B931E}.Release|Any CPU.Build.0 = Release|Any CPU
		{24DE28E5-DB9A-4030-1064-2547FFA1DAE3}.Debug|Any CPU.ActiveCfg = Debug|Any CPU
		{24DE28E5-DB9A-4030-1064-2547FFA1DAE3}.Debug|Any CPU.Build.0 = Debug|Any CPU
		{24DE28E5-DB9A-4030-1064-2547FFA1DAE3}.Release|Any CPU.ActiveCfg = Release|Any CPU
		{24DE28E5-DB9A-4030-1064-2547FFA1DAE3}.Release|Any CPU.Build.0 = Release|Any CPU
	EndGlobalSection
	GlobalSection(SolutionProperties) = preSolution
		HideSolutionNode = FALSE
	EndGlobalSection
EndGlobal
